
Microsoft Visual Studio Solution File, Format Version 12.00
# Visual Studio Version 17
VisualStudioVersion = 17.2.32516.85
MinimumVisualStudioVersion = 10.0.40219.1
Project("{9A19103F-16F7-4668-BE54-9A1E7A4F7556}") = "HackerRankProblemSolving", "HackerRankProblemSolving.csproj", "{13B165B7-9973-41E6-9BEB-447B37874878}"
EndProject
Global
	GlobalSection(SolutionConfigurationPlatforms) = preSolution
		Debug|Any CPU = Debug|Any CPU
		Release|Any CPU = Release|Any CPU
	EndGlobalSection
	GlobalSection(ProjectConfigurationPlatforms) = postSolution
		{13B165B7-9973-41E6-9BEB-447B37874878}.Debug|Any CPU.ActiveCfg = Debug|Any CPU
		{13B165B7-9973-41E6-9BEB-447B37874878}.Debug|Any CPU.Build.0 = Debug|Any CPU
		{13B165B7-9973-41E6-9BEB-447B37874878}.Release|Any CPU.ActiveCfg = Release|Any CPU
		{13B165B7-9973-41E6-9BEB-447B37874878}.Release|Any CPU.Build.0 = Release|Any CPU
	EndGlobalSection
	GlobalSection(SolutionProperties) = preSolution
		HideSolutionNode = FALSE
	EndGlobalSection
	GlobalSection(ExtensibilityGlobals) = postSolution
		SolutionGuid = {769F99F9-CDF6-49B6-8383-E23D303E8045}
	EndGlobalSection
EndGlobal
